# This file is automatically @generated by Cargo.
# It is not intended for manual editing.
version = 4

[[package]]
name = "arrayvec"
version = "0.7.6"
source = "registry+https://github.com/rust-lang/crates.io-index"
checksum = "7c02d123df017efcdfbd739ef81735b36c5ba83ec3c59c80a9d7ecc718f92e50"

[[package]]
name = "kev-rs"
version = "0.2.0"
source = "registry+https://github.com/rust-lang/crates.io-index"
checksum = "e9d7cbf6ac4ebe6c6d499c71553f3d5aa94a0771fc1add1845d22d628422eef2"

[[package]]
name = "shoe-rs"
version = "0.2.0"
dependencies = [
 "arrayvec",
 "kev-rs",
]
